
Microsoft Visual Studio Solution File, Format Version 12.00
# Visual Studio Version 17
VisualStudioVersion = 17.5.33627.172
MinimumVisualStudioVersion = 10.0.40219.1
Project("{9A19103F-16F7-4668-BE54-9A1E7A4F7556}") = "XmlConvertor", "XmlConvertor\XmlConvertor.csproj", "{08389043-B463-4B2F-9622-F17DF9BD33A2}"
EndProject
Project("{9A19103F-16F7-4668-BE54-9A1E7A4F7556}") = "XmlReader", "XmlReader\XmlReader.csproj", "{7AB785E7-3DCA-40CB-BFA9-531756D77411}"
EndProject
Global
	GlobalSection(SolutionConfigurationPlatforms) = preSolution
		Debug|Any CPU = Debug|Any CPU
		Release|Any CPU = Release|Any CPU
	EndGlobalSection
	GlobalSection(ProjectConfigurationPlatforms) = postSolution
		{08389043-B463-4B2F-9622-F17DF9BD33A2}.Debug|Any CPU.ActiveCfg = Debug|Any CPU
		{08389043-B463-4B2F-9622-F17DF9BD33A2}.Debug|Any CPU.Build.0 = Debug|Any CPU
		{08389043-B463-4B2F-9622-F17DF9BD33A2}.Release|Any CPU.ActiveCfg = Release|Any CPU
		{08389043-B463-4B2F-9622-F17DF9BD33A2}.Release|Any CPU.Build.0 = Release|Any CPU
		{7AB785E7-3DCA-40CB-BFA9-531756D77411}.Debug|Any CPU.ActiveCfg = Debug|Any CPU
		{7AB785E7-3DCA-40CB-BFA9-531756D77411}.Debug|Any CPU.Build.0 = Debug|Any CPU
		{7AB785E7-3DCA-40CB-BFA9-531756D77411}.Release|Any CPU.ActiveCfg = Release|Any CPU
		{7AB785E7-3DCA-40CB-BFA9-531756D77411}.Release|Any CPU.Build.0 = Release|Any CPU
	EndGlobalSection
	GlobalSection(SolutionProperties) = preSolution
		HideSolutionNode = FALSE
	EndGlobalSection
	GlobalSection(ExtensibilityGlobals) = postSolution
		SolutionGuid = {180D6E41-FD7A-4DE0-9B2D-4E8A345FB2C2}
	EndGlobalSection
EndGlobal
